
Microsoft Visual Studio Solution File, Format Version 12.00
# Visual Studio Version 16
VisualStudioVersion = 16.0.30114.105
MinimumVisualStudioVersion = 10.0.40219.1
Project("{FAE04EC0-301F-11D3-BF4B-00C04F79EFBC}") = "MyWebsite", "MyWebsite\MyWebsite.csproj", "{7C858D81-64EA-4B7E-80D6-60CCD07EEDD7}"
EndProject
Global
	GlobalSection(SolutionConfigurationPlatforms) = preSolution
		Debug|Any CPU = Debug|Any CPU
		Release|Any CPU = Release|Any CPU
	EndGlobalSection
	GlobalSection(ProjectConfigurationPlatforms) = postSolution
		{7C858D81-64EA-4B7E-80D6-60CCD07EEDD7}.Debug|Any CPU.ActiveCfg = Debug|Any CPU
		{7C858D81-64EA-4B7E-80D6-60CCD07EEDD7}.Debug|Any CPU.Build.0 = Debug|Any CPU
		{7C858D81-64EA-4B7E-80D6-60CCD07EEDD7}.Release|Any CPU.ActiveCfg = Release|Any CPU
		{7C858D81-64EA-4B7E-80D6-60CCD07EEDD7}.Release|Any CPU.Build.0 = Release|Any CPU
	EndGlobalSection
	GlobalSection(SolutionProperties) = preSolution
		HideSolutionNode = FALSE
	EndGlobalSection
	GlobalSection(ExtensibilityGlobals) = postSolution
		SolutionGuid = {023F6644-BD6B-4ECD-9A84-5CC81CF05523}
	EndGlobalSection
EndGlobal
